// !$*UTF8*$!
{
	archiveVersion = 1;
	classes = {
	};
	objectVersion = 77;
	objects = {

/* Begin PBXBuildFile section */
		058557BB273AAA24004C7B11 /* Assets.xcassets in Resources */ = {isa = PBXBuildFile; fileRef = 058557BA273AAA24004C7B11 /* Assets.xcassets */; };
		058557D9273AAEEB004C7B11 /* Preview Assets.xcassets in Resources */ = {isa = PBXBuildFile; fileRef = 058557D8273AAEEB004C7B11 /* Preview Assets.xcassets */; };
		2152FB042600AC8F00CF470E /* ArtemisApp.swift in Sources */ = {isa = PBXBuildFile; fileRef = 2152FB032600AC8F00CF470E /* ArtemisApp.swift */; };
		51B0EFC82CE6468700927F30 /* ArtemisNotificationExtension.appex in Embed Foundation Extensions */ = {isa = PBXBuildFile; fileRef = 51B0EFC12CE6468700927F30 /* ArtemisNotificationExtension.appex */; settings = {ATTRIBUTES = (RemoveHeadersOnCopy, ); }; };
		51B0EFCF2CE646F300927F30 /* ArtemisKit in Frameworks */ = {isa = PBXBuildFile; productRef = 51B0EFCE2CE646F300927F30 /* ArtemisKit */; };
		51F1B2252C0CC26800F14D01 /* ArtemisUITests.swift in Sources */ = {isa = PBXBuildFile; fileRef = 51F1B2242C0CC26800F14D01 /* ArtemisUITests.swift */; };
		51F1B22C2C0CC2D700F14D01 /* SnapshotHelper.swift in Sources */ = {isa = PBXBuildFile; fileRef = 51F1B22B2C0CC2D700F14D01 /* SnapshotHelper.swift */; };
		A166A2592B0381F000AB6119 /* ArtemisKit in Frameworks */ = {isa = PBXBuildFile; productRef = A166A2582B0381F000AB6119 /* ArtemisKit */; };
/* End PBXBuildFile section */

/* Begin PBXContainerItemProxy section */
		51B0EFC62CE6468700927F30 /* PBXContainerItemProxy */ = {
			isa = PBXContainerItemProxy;
			containerPortal = 7555FF73242A565900829871 /* Project object */;
			proxyType = 1;
			remoteGlobalIDString = 51B0EFC02CE6468700927F30;
			remoteInfo = ArtemisNotificationExtesion;
		};
		51F1B2262C0CC26800F14D01 /* PBXContainerItemProxy */ = {
			isa = PBXContainerItemProxy;
			containerPortal = 7555FF73242A565900829871 /* Project object */;
			proxyType = 1;
			remoteGlobalIDString = 7555FF7A242A565900829871;
			remoteInfo = Artemis;
		};
/* End PBXContainerItemProxy section */

/* Begin PBXCopyFilesBuildPhase section */
		51B0EFC92CE6468700927F30 /* Embed Foundation Extensions */ = {
			isa = PBXCopyFilesBuildPhase;
			buildActionMask = 2147483647;
			dstPath = "";
			dstSubfolderSpec = 13;
			files = (
				51B0EFC82CE6468700927F30 /* ArtemisNotificationExtension.appex in Embed Foundation Extensions */,
			);
			name = "Embed Foundation Extensions";
			runOnlyForDeploymentPostprocessing = 0;
		};
/* End PBXCopyFilesBuildPhase section */

/* Begin PBXFileReference section */
		058557BA273AAA24004C7B11 /* Assets.xcassets */ = {isa = PBXFileReference; lastKnownFileType = folder.assetcatalog; path = Assets.xcassets; sourceTree = "<group>"; };
		058557D8273AAEEB004C7B11 /* Preview Assets.xcassets */ = {isa = PBXFileReference; lastKnownFileType = folder.assetcatalog; path = "Preview Assets.xcassets"; sourceTree = "<group>"; };
		2152FB032600AC8F00CF470E /* ArtemisApp.swift */ = {isa = PBXFileReference; lastKnownFileType = sourcecode.swift; path = ArtemisApp.swift; sourceTree = "<group>"; };
		51B0EFC12CE6468700927F30 /* ArtemisNotificationExtension.appex */ = {isa = PBXFileReference; explicitFileType = "wrapper.app-extension"; includeInIndex = 0; path = ArtemisNotificationExtension.appex; sourceTree = BUILT_PRODUCTS_DIR; };
		51F1B2202C0CC26800F14D01 /* ArtemisUITests.xctest */ = {isa = PBXFileReference; explicitFileType = wrapper.cfbundle; includeInIndex = 0; path = ArtemisUITests.xctest; sourceTree = BUILT_PRODUCTS_DIR; };
		51F1B2242C0CC26800F14D01 /* ArtemisUITests.swift */ = {isa = PBXFileReference; lastKnownFileType = sourcecode.swift; path = ArtemisUITests.swift; sourceTree = "<group>"; };
		51F1B22B2C0CC2D700F14D01 /* SnapshotHelper.swift */ = {isa = PBXFileReference; lastKnownFileType = sourcecode.swift; path = SnapshotHelper.swift; sourceTree = "<group>"; };
		7555FF7B242A565900829871 /* Artemis.app */ = {isa = PBXFileReference; explicitFileType = wrapper.application; includeInIndex = 0; path = Artemis.app; sourceTree = BUILT_PRODUCTS_DIR; };
		A166A2622B03893900AB6119 /* Gemfile */ = {isa = PBXFileReference; fileEncoding = 4; lastKnownFileType = text; path = Gemfile; sourceTree = SOURCE_ROOT; };
		A166A2632B03893900AB6119 /* README.md */ = {isa = PBXFileReference; fileEncoding = 4; lastKnownFileType = net.daringfireball.markdown; path = README.md; sourceTree = SOURCE_ROOT; };
		A166A2642B03893900AB6119 /* LICENSE */ = {isa = PBXFileReference; fileEncoding = 4; lastKnownFileType = text; path = LICENSE; sourceTree = SOURCE_ROOT; };
		A166A2652B03893900AB6119 /* .gitignore */ = {isa = PBXFileReference; fileEncoding = 4; lastKnownFileType = text; path = .gitignore; sourceTree = SOURCE_ROOT; };
		A166A2662B03893900AB6119 /* .swiftlint.yml */ = {isa = PBXFileReference; fileEncoding = 4; lastKnownFileType = text.yaml; path = .swiftlint.yml; sourceTree = SOURCE_ROOT; };
		A166A2672B03893900AB6119 /* Gemfile.lock */ = {isa = PBXFileReference; lastKnownFileType = text; path = Gemfile.lock; sourceTree = SOURCE_ROOT; };
		A166A26E2B03899A00AB6119 /* fastlane */ = {isa = PBXFileReference; lastKnownFileType = text; path = fastlane; sourceTree = SOURCE_ROOT; };
		A1C7E0A92B03754200804542 /* ArtemisKit */ = {isa = PBXFileReference; lastKnownFileType = wrapper; path = ArtemisKit; sourceTree = "<group>"; };
		D51AD00C299E390700FA5B94 /* Artemis.entitlements */ = {isa = PBXFileReference; lastKnownFileType = text.plist.entitlements; path = Artemis.entitlements; sourceTree = "<group>"; };
		D52CEEAA29B8FA2D003C7B2E /* Info.plist */ = {isa = PBXFileReference; lastKnownFileType = text.plist.xml; path = Info.plist; sourceTree = "<group>"; };
/* End PBXFileReference section */

/* Begin PBXFileSystemSynchronizedBuildFileExceptionSet section */
		51B0EFCC2CE6468700927F30 /* Exceptions for "ArtemisNotificationExtension" folder in "ArtemisNotificationExtension" target */ = {
			isa = PBXFileSystemSynchronizedBuildFileExceptionSet;
			membershipExceptions = (
				Info.plist,
			);
			target = 51B0EFC02CE6468700927F30 /* ArtemisNotificationExtension */;
		};
/* End PBXFileSystemSynchronizedBuildFileExceptionSet section */

/* Begin PBXFileSystemSynchronizedRootGroup section */
		51B0EFC22CE6468700927F30 /* ArtemisNotificationExtension */ = {
			isa = PBXFileSystemSynchronizedRootGroup;
			exceptions = (
				51B0EFCC2CE6468700927F30 /* Exceptions for "ArtemisNotificationExtension" folder in "ArtemisNotificationExtension" target */,
			);
			path = ArtemisNotificationExtension;
			sourceTree = "<group>";
		};
/* End PBXFileSystemSynchronizedRootGroup section */

/* Begin PBXFrameworksBuildPhase section */
		48598CA0DF0DC47107BCF1DF /* Frameworks */ = {
			isa = PBXFrameworksBuildPhase;
			buildActionMask = 2147483647;
			files = (
				A166A2592B0381F000AB6119 /* ArtemisKit in Frameworks */,
			);
			runOnlyForDeploymentPostprocessing = 0;
		};
		51B0EFBE2CE6468700927F30 /* Frameworks */ = {
			isa = PBXFrameworksBuildPhase;
			buildActionMask = 2147483647;
			files = (
				51B0EFCF2CE646F300927F30 /* ArtemisKit in Frameworks */,
			);
			runOnlyForDeploymentPostprocessing = 0;
		};
		51F1B21D2C0CC26800F14D01 /* Frameworks */ = {
			isa = PBXFrameworksBuildPhase;
			buildActionMask = 2147483647;
			files = (
			);
			runOnlyForDeploymentPostprocessing = 0;
		};
/* End PBXFrameworksBuildPhase section */

/* Begin PBXGroup section */
		058557D7273AAEEB004C7B11 /* Preview Content */ = {
			isa = PBXGroup;
			children = (
				058557D8273AAEEB004C7B11 /* Preview Assets.xcassets */,
			);
			path = "Preview Content";
			sourceTree = "<group>";
		};
		22B6A91C292D785600F08C7E /* Frameworks */ = {
			isa = PBXGroup;
			children = (
			);
			name = Frameworks;
			sourceTree = "<group>";
		};
		51F1B2212C0CC26800F14D01 /* ArtemisUITests */ = {
			isa = PBXGroup;
			children = (
				51F1B2242C0CC26800F14D01 /* ArtemisUITests.swift */,
				51F1B22B2C0CC2D700F14D01 /* SnapshotHelper.swift */,
			);
			path = ArtemisUITests;
			sourceTree = "<group>";
		};
		7555FF72242A565900829871 = {
			isa = PBXGroup;
			children = (
				D51AD00C299E390700FA5B94 /* Artemis.entitlements */,
				A1C7E0A92B03754200804542 /* ArtemisKit */,
				7555FF7D242A565900829871 /* Artemis */,
				51F1B2212C0CC26800F14D01 /* ArtemisUITests */,
				51B0EFC22CE6468700927F30 /* ArtemisNotificationExtension */,
				7555FF7C242A565900829871 /* Products */,
				22B6A91C292D785600F08C7E /* Frameworks */,
			);
			sourceTree = "<group>";
		};
		7555FF7C242A565900829871 /* Products */ = {
			isa = PBXGroup;
			children = (
				7555FF7B242A565900829871 /* Artemis.app */,
				51F1B2202C0CC26800F14D01 /* ArtemisUITests.xctest */,
				51B0EFC12CE6468700927F30 /* ArtemisNotificationExtension.appex */,
			);
			name = Products;
			sourceTree = "<group>";
		};
		7555FF7D242A565900829871 /* Artemis */ = {
			isa = PBXGroup;
			children = (
				A166A26E2B03899A00AB6119 /* fastlane */,
				A166A2652B03893900AB6119 /* .gitignore */,
				A166A2662B03893900AB6119 /* .swiftlint.yml */,
				A166A2622B03893900AB6119 /* Gemfile */,
				A166A2672B03893900AB6119 /* Gemfile.lock */,
				A166A2642B03893900AB6119 /* LICENSE */,
				A166A2632B03893900AB6119 /* README.md */,
				2152FB032600AC8F00CF470E /* ArtemisApp.swift */,
				058557BA273AAA24004C7B11 /* Assets.xcassets */,
				058557D7273AAEEB004C7B11 /* Preview Content */,
				D52CEEA929B8F9FB003C7B2E /* Supporting */,
			);
			path = Artemis;
			sourceTree = "<group>";
		};
		D52CEEA929B8F9FB003C7B2E /* Supporting */ = {
			isa = PBXGroup;
			children = (
				D52CEEAA29B8FA2D003C7B2E /* Info.plist */,
			);
			path = Supporting;
			sourceTree = "<group>";
		};
/* End PBXGroup section */

/* Begin PBXNativeTarget section */
		51B0EFC02CE6468700927F30 /* ArtemisNotificationExtension */ = {
			isa = PBXNativeTarget;
			buildConfigurationList = 51B0EFCD2CE6468700927F30 /* Build configuration list for PBXNativeTarget "ArtemisNotificationExtension" */;
			buildPhases = (
				51B0EFBD2CE6468700927F30 /* Sources */,
				51B0EFBE2CE6468700927F30 /* Frameworks */,
				51B0EFBF2CE6468700927F30 /* Resources */,
			);
			buildRules = (
			);
			dependencies = (
			);
			fileSystemSynchronizedGroups = (
				51B0EFC22CE6468700927F30 /* ArtemisNotificationExtension */,
			);
			name = ArtemisNotificationExtension;
			packageProductDependencies = (
				51B0EFCE2CE646F300927F30 /* ArtemisKit */,
			);
			productName = ArtemisNotificationExtesion;
			productReference = 51B0EFC12CE6468700927F30 /* ArtemisNotificationExtension.appex */;
			productType = "com.apple.product-type.app-extension";
		};
		51F1B21F2C0CC26800F14D01 /* ArtemisUITests */ = {
			isa = PBXNativeTarget;
			buildConfigurationList = 51F1B22A2C0CC26800F14D01 /* Build configuration list for PBXNativeTarget "ArtemisUITests" */;
			buildPhases = (
				51F1B21C2C0CC26800F14D01 /* Sources */,
				51F1B21D2C0CC26800F14D01 /* Frameworks */,
				51F1B21E2C0CC26800F14D01 /* Resources */,
			);
			buildRules = (
			);
			dependencies = (
				51F1B2272C0CC26800F14D01 /* PBXTargetDependency */,
			);
			name = ArtemisUITests;
			packageProductDependencies = (
			);
			productName = ArtemisUITests;
			productReference = 51F1B2202C0CC26800F14D01 /* ArtemisUITests.xctest */;
			productType = "com.apple.product-type.bundle.ui-testing";
		};
		7555FF7A242A565900829871 /* Artemis */ = {
			isa = PBXNativeTarget;
			buildConfigurationList = 7555FFA5242A565B00829871 /* Build configuration list for PBXNativeTarget "Artemis" */;
			buildPhases = (
				D5E3860529B514BF0055E834 /* ShellScript */,
				7555FF77242A565900829871 /* Sources */,
				7555FF79242A565900829871 /* Resources */,
				48598CA0DF0DC47107BCF1DF /* Frameworks */,
				51B0EFC92CE6468700927F30 /* Embed Foundation Extensions */,
			);
			buildRules = (
			);
			dependencies = (
				51B0EFC72CE6468700927F30 /* PBXTargetDependency */,
			);
			name = Artemis;
			packageProductDependencies = (
				A166A2582B0381F000AB6119 /* ArtemisKit */,
			);
			productName = iosApp;
			productReference = 7555FF7B242A565900829871 /* Artemis.app */;
			productType = "com.apple.product-type.application";
		};
/* End PBXNativeTarget section */

/* Begin PBXProject section */
		7555FF73242A565900829871 /* Project object */ = {
			isa = PBXProject;
			attributes = {
				BuildIndependentTargetsInParallel = YES;
				LastSwiftUpdateCheck = 1600;
				LastUpgradeCheck = 1500;
				ORGANIZATIONNAME = TUM;
				TargetAttributes = {
					51B0EFC02CE6468700927F30 = {
						CreatedOnToolsVersion = 16.0;
					};
					51F1B21F2C0CC26800F14D01 = {
						CreatedOnToolsVersion = 15.2;
						TestTargetID = 7555FF7A242A565900829871;
					};
					7555FF7A242A565900829871 = {
						CreatedOnToolsVersion = 11.3.1;
					};
				};
			};
			buildConfigurationList = 7555FF76242A565900829871 /* Build configuration list for PBXProject "Artemis" */;
			developmentRegion = en;
			hasScannedForEncodings = 0;
			knownRegions = (
				en,
				Base,
			);
			mainGroup = 7555FF72242A565900829871;
			minimizedProjectReferenceProxies = 1;
			packageReferences = (
			);
			preferredProjectObjectVersion = 77;
			productRefGroup = 7555FF7C242A565900829871 /* Products */;
			projectDirPath = "";
			projectRoot = "";
			targets = (
				7555FF7A242A565900829871 /* Artemis */,
				51F1B21F2C0CC26800F14D01 /* ArtemisUITests */,
				51B0EFC02CE6468700927F30 /* ArtemisNotificationExtension */,
			);
		};
/* End PBXProject section */

/* Begin PBXResourcesBuildPhase section */
		51B0EFBF2CE6468700927F30 /* Resources */ = {
			isa = PBXResourcesBuildPhase;
			buildActionMask = 2147483647;
			files = (
			);
			runOnlyForDeploymentPostprocessing = 0;
		};
		51F1B21E2C0CC26800F14D01 /* Resources */ = {
			isa = PBXResourcesBuildPhase;
			buildActionMask = 2147483647;
			files = (
			);
			runOnlyForDeploymentPostprocessing = 0;
		};
		7555FF79242A565900829871 /* Resources */ = {
			isa = PBXResourcesBuildPhase;
			buildActionMask = 2147483647;
			files = (
				058557D9273AAEEB004C7B11 /* Preview Assets.xcassets in Resources */,
				058557BB273AAA24004C7B11 /* Assets.xcassets in Resources */,
			);
			runOnlyForDeploymentPostprocessing = 0;
		};
/* End PBXResourcesBuildPhase section */

/* Begin PBXShellScriptBuildPhase section */
		D5E3860529B514BF0055E834 /* ShellScript */ = {
			isa = PBXShellScriptBuildPhase;
			buildActionMask = 2147483647;
			files = (
			);
			inputFileListPaths = (
			);
			inputPaths = (
			);
			outputFileListPaths = (
			);
			outputPaths = (
			);
			runOnlyForDeploymentPostprocessing = 0;
			shellPath = /bin/sh;
			shellScript = "# Type a script or drag a script file from your workspace to insert its path.\nexport PATH=\"$PATH:/opt/homebrew/bin\"\nif which swiftlint > /dev/null; then\n  swiftlint\nelse\n  echo \"warning: SwiftLint not installed, download from https://github.com/realm/SwiftLint\"\nfi\n";
		};
/* End PBXShellScriptBuildPhase section */

/* Begin PBXSourcesBuildPhase section */
		51B0EFBD2CE6468700927F30 /* Sources */ = {
			isa = PBXSourcesBuildPhase;
			buildActionMask = 2147483647;
			files = (
			);
			runOnlyForDeploymentPostprocessing = 0;
		};
		51F1B21C2C0CC26800F14D01 /* Sources */ = {
			isa = PBXSourcesBuildPhase;
			buildActionMask = 2147483647;
			files = (
				51F1B2252C0CC26800F14D01 /* ArtemisUITests.swift in Sources */,
				51F1B22C2C0CC2D700F14D01 /* SnapshotHelper.swift in Sources */,
			);
			runOnlyForDeploymentPostprocessing = 0;
		};
		7555FF77242A565900829871 /* Sources */ = {
			isa = PBXSourcesBuildPhase;
			buildActionMask = 2147483647;
			files = (
				2152FB042600AC8F00CF470E /* ArtemisApp.swift in Sources */,
			);
			runOnlyForDeploymentPostprocessing = 0;
		};
/* End PBXSourcesBuildPhase section */

/* Begin PBXTargetDependency section */
		51B0EFC72CE6468700927F30 /* PBXTargetDependency */ = {
			isa = PBXTargetDependency;
			target = 51B0EFC02CE6468700927F30 /* ArtemisNotificationExtension */;
			targetProxy = 51B0EFC62CE6468700927F30 /* PBXContainerItemProxy */;
		};
		51F1B2272C0CC26800F14D01 /* PBXTargetDependency */ = {
			isa = PBXTargetDependency;
			target = 7555FF7A242A565900829871 /* Artemis */;
			targetProxy = 51F1B2262C0CC26800F14D01 /* PBXContainerItemProxy */;
		};
/* End PBXTargetDependency section */

/* Begin XCBuildConfiguration section */
		51B0EFCA2CE6468700927F30 /* Debug */ = {
			isa = XCBuildConfiguration;
			buildSettings = {
				APP_VERSION_NUMBER = "$(APP_VERSION_NUMBER)";
				CLANG_CXX_LANGUAGE_STANDARD = "gnu++20";
				CODE_SIGN_ENTITLEMENTS = ArtemisNotificationExtension/ArtemisNotificationExtension.entitlements;
				CODE_SIGN_STYLE = Automatic;
				CURRENT_PROJECT_VERSION = 1;
				DEBUG_INFORMATION_FORMAT = dwarf;
				DEVELOPMENT_TEAM = T7PP2KY2B6;
				ENABLE_USER_SCRIPT_SANDBOXING = YES;
				GCC_C_LANGUAGE_STANDARD = gnu17;
				GENERATE_INFOPLIST_FILE = YES;
				INFOPLIST_FILE = ArtemisNotificationExtension/Info.plist;
				INFOPLIST_KEY_CFBundleDisplayName = Artemis;
				INFOPLIST_KEY_NSHumanReadableCopyright = "Copyright © 2024 TUM. All rights reserved.";
				IPHONEOS_DEPLOYMENT_TARGET = 18.0;
				LD_RUNPATH_SEARCH_PATHS = (
					"$(inherited)",
					"@executable_path/Frameworks",
					"@executable_path/../../Frameworks",
				);
				LOCALIZATION_PREFERS_STRING_CATALOGS = YES;
				MARKETING_VERSION = "$(APP_VERSION_NUMBER)";
				PRODUCT_BUNDLE_IDENTIFIER = de.tum.cit.ase.artemis.ArtemisNotificationExtension;
				PRODUCT_NAME = "$(TARGET_NAME)";
				SKIP_INSTALL = YES;
				SWIFT_ACTIVE_COMPILATION_CONDITIONS = "DEBUG $(inherited)";
				SWIFT_EMIT_LOC_STRINGS = YES;
				SWIFT_VERSION = 5.0;
				TARGETED_DEVICE_FAMILY = "1,2";
			};
			name = Debug;
		};
		51B0EFCB2CE6468700927F30 /* Release */ = {
			isa = XCBuildConfiguration;
			buildSettings = {
				APP_VERSION_NUMBER = "$(APP_VERSION_NUMBER)";
				CLANG_CXX_LANGUAGE_STANDARD = "gnu++20";
				CODE_SIGN_ENTITLEMENTS = ArtemisNotificationExtension/ArtemisNotificationExtension.entitlements;
				CODE_SIGN_STYLE = Automatic;
				CURRENT_PROJECT_VERSION = 1;
				DEVELOPMENT_TEAM = T7PP2KY2B6;
				ENABLE_USER_SCRIPT_SANDBOXING = YES;
				GCC_C_LANGUAGE_STANDARD = gnu17;
				GENERATE_INFOPLIST_FILE = YES;
				INFOPLIST_FILE = ArtemisNotificationExtension/Info.plist;
				INFOPLIST_KEY_CFBundleDisplayName = Artemis;
				INFOPLIST_KEY_NSHumanReadableCopyright = "Copyright © 2024 TUM. All rights reserved.";
				IPHONEOS_DEPLOYMENT_TARGET = 18.0;
				LD_RUNPATH_SEARCH_PATHS = (
					"$(inherited)",
					"@executable_path/Frameworks",
					"@executable_path/../../Frameworks",
				);
				LOCALIZATION_PREFERS_STRING_CATALOGS = YES;
				MARKETING_VERSION = "$(APP_VERSION_NUMBER)";
				PRODUCT_BUNDLE_IDENTIFIER = de.tum.cit.ase.artemis.ArtemisNotificationExtension;
				PRODUCT_NAME = "$(TARGET_NAME)";
				SKIP_INSTALL = YES;
				SWIFT_EMIT_LOC_STRINGS = YES;
				SWIFT_VERSION = 5.0;
				TARGETED_DEVICE_FAMILY = "1,2";
			};
			name = Release;
		};
		51F1B2282C0CC26800F14D01 /* Debug */ = {
			isa = XCBuildConfiguration;
			buildSettings = {
				CLANG_CXX_LANGUAGE_STANDARD = "gnu++20";
				CODE_SIGN_STYLE = Automatic;
				CURRENT_PROJECT_VERSION = 1;
				DEBUG_INFORMATION_FORMAT = dwarf;
				ENABLE_USER_SCRIPT_SANDBOXING = YES;
				GCC_C_LANGUAGE_STANDARD = gnu17;
				GENERATE_INFOPLIST_FILE = YES;
				IPHONEOS_DEPLOYMENT_TARGET = 17.2;
				LOCALIZATION_PREFERS_STRING_CATALOGS = YES;
				MARKETING_VERSION = 1.0;
				PRODUCT_BUNDLE_IDENTIFIER = de.tum.cit.artemis.ArtemisUITests;
				PRODUCT_NAME = "$(TARGET_NAME)";
				SWIFT_ACTIVE_COMPILATION_CONDITIONS = "DEBUG $(inherited)";
				SWIFT_EMIT_LOC_STRINGS = NO;
				SWIFT_VERSION = 5.0;
				TARGETED_DEVICE_FAMILY = "1,2";
				TEST_TARGET_NAME = Artemis;
			};
			name = Debug;
		};
		51F1B2292C0CC26800F14D01 /* Release */ = {
			isa = XCBuildConfiguration;
			buildSettings = {
				CLANG_CXX_LANGUAGE_STANDARD = "gnu++20";
				CODE_SIGN_STYLE = Automatic;
				CURRENT_PROJECT_VERSION = 1;
				ENABLE_USER_SCRIPT_SANDBOXING = YES;
				GCC_C_LANGUAGE_STANDARD = gnu17;
				GENERATE_INFOPLIST_FILE = YES;
				IPHONEOS_DEPLOYMENT_TARGET = 17.2;
				LOCALIZATION_PREFERS_STRING_CATALOGS = YES;
				MARKETING_VERSION = 1.0;
				PRODUCT_BUNDLE_IDENTIFIER = de.tum.cit.artemis.ArtemisUITests;
				PRODUCT_NAME = "$(TARGET_NAME)";
				SWIFT_EMIT_LOC_STRINGS = NO;
				SWIFT_VERSION = 5.0;
				TARGETED_DEVICE_FAMILY = "1,2";
				TEST_TARGET_NAME = Artemis;
			};
			name = Release;
		};
		7555FFA3242A565B00829871 /* Debug */ = {
			isa = XCBuildConfiguration;
			buildSettings = {
				ALWAYS_SEARCH_USER_PATHS = NO;
				APP_VERSION_NUMBER = 1.6.2;
				ASSETCATALOG_COMPILER_GENERATE_SWIFT_ASSET_SYMBOL_EXTENSIONS = YES;
				CLANG_ANALYZER_NONNULL = YES;
				CLANG_ANALYZER_NUMBER_OBJECT_CONVERSION = YES_AGGRESSIVE;
				CLANG_CXX_LIBRARY = "libc++";
				CLANG_ENABLE_MODULES = YES;
				CLANG_ENABLE_OBJC_ARC = YES;
				CLANG_ENABLE_OBJC_WEAK = YES;
				CLANG_WARN_BLOCK_CAPTURE_AUTORELEASING = YES;
				CLANG_WARN_BOOL_CONVERSION = YES;
				CLANG_WARN_COMMA = YES;
				CLANG_WARN_CONSTANT_CONVERSION = YES;
				CLANG_WARN_DEPRECATED_OBJC_IMPLEMENTATIONS = YES;
				CLANG_WARN_DIRECT_OBJC_ISA_USAGE = YES_ERROR;
				CLANG_WARN_DOCUMENTATION_COMMENTS = YES;
				CLANG_WARN_EMPTY_BODY = YES;
				CLANG_WARN_ENUM_CONVERSION = YES;
				CLANG_WARN_INFINITE_RECURSION = YES;
				CLANG_WARN_INT_CONVERSION = YES;
				CLANG_WARN_NON_LITERAL_NULL_CONVERSION = YES;
				CLANG_WARN_OBJC_IMPLICIT_RETAIN_SELF = YES;
				CLANG_WARN_OBJC_LITERAL_CONVERSION = YES;
				CLANG_WARN_OBJC_ROOT_CLASS = YES_ERROR;
				CLANG_WARN_QUOTED_INCLUDE_IN_FRAMEWORK_HEADER = YES;
				CLANG_WARN_RANGE_LOOP_ANALYSIS = YES;
				CLANG_WARN_STRICT_PROTOTYPES = YES;
				CLANG_WARN_SUSPICIOUS_MOVE = YES;
				CLANG_WARN_UNGUARDED_AVAILABILITY = YES_AGGRESSIVE;
				CLANG_WARN_UNREACHABLE_CODE = YES;
				CLANG_WARN__DUPLICATE_METHOD_MATCH = YES;
				COPY_PHASE_STRIP = NO;
				DEBUG_INFORMATION_FORMAT = "dwarf-with-dsym";
				ENABLE_STRICT_OBJC_MSGSEND = YES;
				ENABLE_TESTABILITY = YES;
				ENABLE_TESTING_SEARCH_PATHS = YES;
				ENABLE_USER_SCRIPT_SANDBOXING = NO;
				GCC_DYNAMIC_NO_PIC = NO;
				GCC_NO_COMMON_BLOCKS = YES;
				GCC_OPTIMIZATION_LEVEL = 0;
				GCC_PREPROCESSOR_DEFINITIONS = (
					"DEBUG=1",
					"$(inherited)",
				);
				GCC_WARN_64_TO_32_BIT_CONVERSION = YES;
				GCC_WARN_ABOUT_RETURN_TYPE = YES_ERROR;
				GCC_WARN_UNDECLARED_SELECTOR = YES;
				GCC_WARN_UNINITIALIZED_AUTOS = YES_AGGRESSIVE;
				GCC_WARN_UNUSED_FUNCTION = YES;
				GCC_WARN_UNUSED_VARIABLE = YES;
				IPHONEOS_DEPLOYMENT_TARGET = 17.0;
				MTL_ENABLE_DEBUG_INFO = INCLUDE_SOURCE;
				MTL_FAST_MATH = YES;
				ONLY_ACTIVE_ARCH = YES;
				OTHER_LDFLAGS = "";
				SDKROOT = iphoneos;
				SWIFT_ACTIVE_COMPILATION_CONDITIONS = DEBUG;
				SWIFT_OPTIMIZATION_LEVEL = "-Onone";
			};
			name = Debug;
		};
		7555FFA4242A565B00829871 /* Release */ = {
			isa = XCBuildConfiguration;
			buildSettings = {
				ALWAYS_SEARCH_USER_PATHS = NO;
				APP_VERSION_NUMBER = 1.6.2;
				ASSETCATALOG_COMPILER_GENERATE_SWIFT_ASSET_SYMBOL_EXTENSIONS = YES;
				CLANG_ANALYZER_NONNULL = YES;
				CLANG_ANALYZER_NUMBER_OBJECT_CONVERSION = YES_AGGRESSIVE;
				CLANG_CXX_LIBRARY = "libc++";
				CLANG_ENABLE_MODULES = YES;
				CLANG_ENABLE_OBJC_ARC = YES;
				CLANG_ENABLE_OBJC_WEAK = YES;
				CLANG_WARN_BLOCK_CAPTURE_AUTORELEASING = YES;
				CLANG_WARN_BOOL_CONVERSION = YES;
				CLANG_WARN_COMMA = YES;
				CLANG_WARN_CONSTANT_CONVERSION = YES;
				CLANG_WARN_DEPRECATED_OBJC_IMPLEMENTATIONS = YES;
				CLANG_WARN_DIRECT_OBJC_ISA_USAGE = YES_ERROR;
				CLANG_WARN_DOCUMENTATION_COMMENTS = YES;
				CLANG_WARN_EMPTY_BODY = YES;
				CLANG_WARN_ENUM_CONVERSION = YES;
				CLANG_WARN_INFINITE_RECURSION = YES;
				CLANG_WARN_INT_CONVERSION = YES;
				CLANG_WARN_NON_LITERAL_NULL_CONVERSION = YES;
				CLANG_WARN_OBJC_IMPLICIT_RETAIN_SELF = YES;
				CLANG_WARN_OBJC_LITERAL_CONVERSION = YES;
				CLANG_WARN_OBJC_ROOT_CLASS = YES_ERROR;
				CLANG_WARN_QUOTED_INCLUDE_IN_FRAMEWORK_HEADER = YES;
				CLANG_WARN_RANGE_LOOP_ANALYSIS = YES;
				CLANG_WARN_STRICT_PROTOTYPES = YES;
				CLANG_WARN_SUSPICIOUS_MOVE = YES;
				CLANG_WARN_UNGUARDED_AVAILABILITY = YES_AGGRESSIVE;
				CLANG_WARN_UNREACHABLE_CODE = YES;
				CLANG_WARN__DUPLICATE_METHOD_MATCH = YES;
				COPY_PHASE_STRIP = NO;
				DEBUG_INFORMATION_FORMAT = "dwarf-with-dsym";
				ENABLE_NS_ASSERTIONS = NO;
				ENABLE_STRICT_OBJC_MSGSEND = YES;
				ENABLE_TESTING_SEARCH_PATHS = YES;
				ENABLE_USER_SCRIPT_SANDBOXING = NO;
				GCC_NO_COMMON_BLOCKS = YES;
				GCC_OPTIMIZATION_LEVEL = s;
				GCC_WARN_64_TO_32_BIT_CONVERSION = YES;
				GCC_WARN_ABOUT_RETURN_TYPE = YES_ERROR;
				GCC_WARN_UNDECLARED_SELECTOR = YES;
				GCC_WARN_UNINITIALIZED_AUTOS = YES_AGGRESSIVE;
				GCC_WARN_UNUSED_FUNCTION = YES;
				GCC_WARN_UNUSED_VARIABLE = YES;
				IPHONEOS_DEPLOYMENT_TARGET = 17.0;
				MTL_ENABLE_DEBUG_INFO = NO;
				MTL_FAST_MATH = YES;
				OTHER_LDFLAGS = "";
				SDKROOT = iphoneos;
				SWIFT_COMPILATION_MODE = wholemodule;
				SWIFT_OPTIMIZATION_LEVEL = "-O";
				VALIDATE_PRODUCT = YES;
			};
			name = Release;
		};
		7555FFA6242A565B00829871 /* Debug */ = {
			isa = XCBuildConfiguration;
			buildSettings = {
				APP_VERSION_NUMBER = "$(APP_VERSION_NUMBER)";
				ASSETCATALOG_COMPILER_APPICON_NAME = AppIcon;
				ASSETCATALOG_COMPILER_GLOBAL_ACCENT_COLOR_NAME = AccentColor;
				CODE_SIGN_ENTITLEMENTS = Artemis.entitlements;
				CODE_SIGN_STYLE = Automatic;
				CURRENT_PROJECT_VERSION = 1;
				DEVELOPMENT_ASSET_PATHS = "\"Artemis/Preview Content\"";
				DEVELOPMENT_TEAM = T7PP2KY2B6;
				ENABLE_PREVIEWS = YES;
				ENABLE_TESTING_SEARCH_PATHS = YES;
				FRAMEWORK_SEARCH_PATHS = "";
				INFOPLIST_FILE = Artemis/Supporting/Info.plist;
				INFOPLIST_KEY_CFBundleDisplayName = Artemis;
				INFOPLIST_KEY_LSApplicationCategoryType = "public.app-category.education";
				IPHONEOS_DEPLOYMENT_TARGET = 18.0;
				LD_RUNPATH_SEARCH_PATHS = (
					"$(inherited)",
					"@executable_path/Frameworks",
				);
				OTHER_LDFLAGS = "";
				PRODUCT_BUNDLE_IDENTIFIER = de.tum.cit.ase.artemis;
				PRODUCT_NAME = "$(TARGET_NAME)";
				SWIFT_VERSION = 5.0;
				TARGETED_DEVICE_FAMILY = "1,2";
			};
			name = Debug;
		};
		7555FFA7242A565B00829871 /* Release */ = {
			isa = XCBuildConfiguration;
			buildSettings = {
				APP_VERSION_NUMBER = "$(APP_VERSION_NUMBER)";
				ASSETCATALOG_COMPILER_APPICON_NAME = AppIcon;
				ASSETCATALOG_COMPILER_GLOBAL_ACCENT_COLOR_NAME = AccentColor;
				CODE_SIGN_ENTITLEMENTS = Artemis.entitlements;
				CODE_SIGN_STYLE = Automatic;
				CURRENT_PROJECT_VERSION = 1;
				DEVELOPMENT_ASSET_PATHS = "\"Artemis/Preview Content\"";
				DEVELOPMENT_TEAM = T7PP2KY2B6;
				ENABLE_PREVIEWS = YES;
				ENABLE_TESTING_SEARCH_PATHS = YES;
				FRAMEWORK_SEARCH_PATHS = "";
				INFOPLIST_FILE = Artemis/Supporting/Info.plist;
				INFOPLIST_KEY_CFBundleDisplayName = Artemis;
				INFOPLIST_KEY_LSApplicationCategoryType = "public.app-category.education";
				IPHONEOS_DEPLOYMENT_TARGET = 18.0;
				LD_RUNPATH_SEARCH_PATHS = (
					"$(inherited)",
					"@executable_path/Frameworks",
				);
				OTHER_LDFLAGS = "";
				PRODUCT_BUNDLE_IDENTIFIER = de.tum.cit.ase.artemis;
				PRODUCT_NAME = "$(TARGET_NAME)";
				SWIFT_VERSION = 5.0;
				TARGETED_DEVICE_FAMILY = "1,2";
			};
			name = Release;
		};
/* End XCBuildConfiguration section */

/* Begin XCConfigurationList section */
		51B0EFCD2CE6468700927F30 /* Build configuration list for PBXNativeTarget "ArtemisNotificationExtension" */ = {
			isa = XCConfigurationList;
			buildConfigurations = (
				51B0EFCA2CE6468700927F30 /* Debug */,
				51B0EFCB2CE6468700927F30 /* Release */,
			);
			defaultConfigurationIsVisible = 0;
			defaultConfigurationName = Debug;
		};
		51F1B22A2C0CC26800F14D01 /* Build configuration list for PBXNativeTarget "ArtemisUITests" */ = {
			isa = XCConfigurationList;
			buildConfigurations = (
				51F1B2282C0CC26800F14D01 /* Debug */,
				51F1B2292C0CC26800F14D01 /* Release */,
			);
			defaultConfigurationIsVisible = 0;
			defaultConfigurationName = Debug;
		};
		7555FF76242A565900829871 /* Build configuration list for PBXProject "Artemis" */ = {
			isa = XCConfigurationList;
			buildConfigurations = (
				7555FFA3242A565B00829871 /* Debug */,
				7555FFA4242A565B00829871 /* Release */,
			);
			defaultConfigurationIsVisible = 0;
			defaultConfigurationName = Debug;
		};
		7555FFA5242A565B00829871 /* Build configuration list for PBXNativeTarget "Artemis" */ = {
			isa = XCConfigurationList;
			buildConfigurations = (
				7555FFA6242A565B00829871 /* Debug */,
				7555FFA7242A565B00829871 /* Release */,
			);
			defaultConfigurationIsVisible = 0;
			defaultConfigurationName = Debug;
		};
/* End XCConfigurationList section */

/* Begin XCSwiftPackageProductDependency section */
		51B0EFCE2CE646F300927F30 /* ArtemisKit */ = {
			isa = XCSwiftPackageProductDependency;
			productName = ArtemisKit;
		};
		A166A2582B0381F000AB6119 /* ArtemisKit */ = {
			isa = XCSwiftPackageProductDependency;
			productName = ArtemisKit;
		};
/* End XCSwiftPackageProductDependency section */
	};
	rootObject = 7555FF73242A565900829871 /* Project object */;
}
